
Microsoft Visual Studio Solution File, Format Version 12.00
# Visual Studio Version 17
VisualStudioVersion = 17.9.34511.98
MinimumVisualStudioVersion = 10.0.40219.1
Project("{9A19103F-16F7-4668-BE54-9A1E7A4F7556}") = "CommonLib", "CommonLib\CommonLib.csproj", "{F487711C-F4F2-449D-BCAA-21E2967726FC}"
EndProject
Project("{9A19103F-16F7-4668-BE54-9A1E7A4F7556}") = "DataAccess", "DataAccess\DataAccess.csproj", "{065EB9B4-FDD3-4C9C-9B1D-F9126058E8A8}"
EndProject
Project("{9A19103F-16F7-4668-BE54-9A1E7A4F7556}") = "ObjectInfo", "ObjectInfo\ObjectInfo.csproj", "{57BEBBED-1DFD-4240-8983-E662287E0713}"
EndProject
Project("{9A19103F-16F7-4668-BE54-9A1E7A4F7556}") = "BusinessLayer", "BusinessLayer\BusinessLayer.csproj", "{98BDD802-CE6B-4ED9-B942-C1C35168A15F}"
EndProject
Project("{9A19103F-16F7-4668-BE54-9A1E7A4F7556}") = "FieldBookingService", "FieldBookingService\FieldBookingService.csproj", "{F84A93C3-5B61-441E-A260-1A8882D62DFE}"
EndProject
Global
	GlobalSection(SolutionConfigurationPlatforms) = preSolution
		Debug|Any CPU = Debug|Any CPU
		Release|Any CPU = Release|Any CPU
	EndGlobalSection
	GlobalSection(ProjectConfigurationPlatforms) = postSolution
		{F487711C-F4F2-449D-BCAA-21E2967726FC}.Debug|Any CPU.ActiveCfg = Debug|Any CPU
		{F487711C-F4F2-449D-BCAA-21E2967726FC}.Debug|Any CPU.Build.0 = Debug|Any CPU
		{F487711C-F4F2-449D-BCAA-21E2967726FC}.Release|Any CPU.ActiveCfg = Release|Any CPU
		{F487711C-F4F2-449D-BCAA-21E2967726FC}.Release|Any CPU.Build.0 = Release|Any CPU
		{065EB9B4-FDD3-4C9C-9B1D-F9126058E8A8}.Debug|Any CPU.ActiveCfg = Debug|Any CPU
		{065EB9B4-FDD3-4C9C-9B1D-F9126058E8A8}.Debug|Any CPU.Build.0 = Debug|Any CPU
		{065EB9B4-FDD3-4C9C-9B1D-F9126058E8A8}.Release|Any CPU.ActiveCfg = Release|Any CPU
		{065EB9B4-FDD3-4C9C-9B1D-F9126058E8A8}.Release|Any CPU.Build.0 = Release|Any CPU
		{57BEBBED-1DFD-4240-8983-E662287E0713}.Debug|Any CPU.ActiveCfg = Debug|Any CPU
		{57BEBBED-1DFD-4240-8983-E662287E0713}.Debug|Any CPU.Build.0 = Debug|Any CPU
		{57BEBBED-1DFD-4240-8983-E662287E0713}.Release|Any CPU.ActiveCfg = Release|Any CPU
		{57BEBBED-1DFD-4240-8983-E662287E0713}.Release|Any CPU.Build.0 = Release|Any CPU
		{98BDD802-CE6B-4ED9-B942-C1C35168A15F}.Debug|Any CPU.ActiveCfg = Debug|Any CPU
		{98BDD802-CE6B-4ED9-B942-C1C35168A15F}.Debug|Any CPU.Build.0 = Debug|Any CPU
		{98BDD802-CE6B-4ED9-B942-C1C35168A15F}.Release|Any CPU.ActiveCfg = Release|Any CPU
		{98BDD802-CE6B-4ED9-B942-C1C35168A15F}.Release|Any CPU.Build.0 = Release|Any CPU
		{F84A93C3-5B61-441E-A260-1A8882D62DFE}.Debug|Any CPU.ActiveCfg = Debug|Any CPU
		{F84A93C3-5B61-441E-A260-1A8882D62DFE}.Debug|Any CPU.Build.0 = Debug|Any CPU
		{F84A93C3-5B61-441E-A260-1A8882D62DFE}.Release|Any CPU.ActiveCfg = Release|Any CPU
		{F84A93C3-5B61-441E-A260-1A8882D62DFE}.Release|Any CPU.Build.0 = Release|Any CPU
	EndGlobalSection
	GlobalSection(SolutionProperties) = preSolution
		HideSolutionNode = FALSE
	EndGlobalSection
	GlobalSection(ExtensibilityGlobals) = postSolution
		SolutionGuid = {7D3FD9EC-C1E2-4517-801D-C28DC89DDCF3}
	EndGlobalSection
EndGlobal
